
Microsoft Visual Studio Solution File, Format Version 12.00
# Visual Studio Version 16
VisualStudioVersion = 16.0.31911.196
MinimumVisualStudioVersion = 10.0.40219.1
Project("{FAE04EC0-301F-11D3-BF4B-00C04F79EFBC}") = "tictactoe", "tictactoe\tictactoe.csproj", "{F023459C-6CAA-4A04-85F6-D009E4E55887}"
EndProject
Global
	GlobalSection(SolutionConfigurationPlatforms) = preSolution
		Debug|Any CPU = Debug|Any CPU
		Release|Any CPU = Release|Any CPU
	EndGlobalSection
	GlobalSection(ProjectConfigurationPlatforms) = postSolution
		{F023459C-6CAA-4A04-85F6-D009E4E55887}.Debug|Any CPU.ActiveCfg = Debug|Any CPU
		{F023459C-6CAA-4A04-85F6-D009E4E55887}.Debug|Any CPU.Build.0 = Debug|Any CPU
		{F023459C-6CAA-4A04-85F6-D009E4E55887}.Release|Any CPU.ActiveCfg = Release|Any CPU
		{F023459C-6CAA-4A04-85F6-D009E4E55887}.Release|Any CPU.Build.0 = Release|Any CPU
	EndGlobalSection
	GlobalSection(SolutionProperties) = preSolution
		HideSolutionNode = FALSE
	EndGlobalSection
	GlobalSection(ExtensibilityGlobals) = postSolution
		SolutionGuid = {A133ADF1-2EDD-4733-9AEE-65658F2641C8}
	EndGlobalSection
EndGlobal
